PODS:
  - flutter_native_demo (0.0.1):
    - FlutterMacOS
  - FlutterMacOS (1.0.0)

DEPENDENCIES:
  - flutter_native_demo (from `Flutter/ephemeral/.symlinks/plugins/flutter_native_demo/macos`)
  - FlutterMacOS (from `Flutter/ephemeral`)

EXTERNAL SOURCES:
  flutter_native_demo:
    :path: Flutter/ephemeral/.symlinks/plugins/flutter_native_demo/macos
  FlutterMacOS:
    :path: Flutter/ephemeral

SPEC CHECKSUMS:
  flutter_native_demo: 743015caca858d24c942c4128e1e68bc0a438034
  FlutterMacOS: 8f6f14fa908a6fb3fba0cd85dbd81ec4b251fb24

PODFILE CHECKSUM: 13ef17aafe4afb14ec825ed2f559e6294948fdc3

COCOAPODS: 1.15.2
